Microsoft Visual Studio Solution File, Format Version 12.00
# Visual Studio 15
Project("{8BC9CEB8-8B4A-11D0-8D11-00A0C91BC942}") = "ALL_BUILD", "ALL_BUILD.vcxproj", "{3BA7971E-5E0A-385F-A2E5-08A89B542282}"
	ProjectSection(ProjectDependencies) = postProject
		{47BC54D5-8C73-3EDB-B304-2994419E0652} = {47BC54D5-8C73-3EDB-B304-2994419E0652}
		{2D635E0B-8F67-34C2-B413-FF873F7FE8CA} = {2D635E0B-8F67-34C2-B413-FF873F7FE8CA}
		{44B1B074-401E-37DC-AAE2-3E1B863E15DA} = {44B1B074-401E-37DC-AAE2-3E1B863E15DA}
		{95669827-2916-3DB2-8E29-199C6157A5F5} = {95669827-2916-3DB2-8E29-199C6157A5F5}
		{87191E42-2BE2-30EA-AF2E-34CAA452DB53} = {87191E42-2BE2-30EA-AF2E-34CAA452DB53}
	EndProjectSection
EndProject
Project("{8BC9CEB8-8B4A-11D0-8D11-00A0C91BC942}") = "fltk", "fltk.vcxproj", "{2D635E0B-8F67-34C2-B413-FF873F7FE8CA}"
	ProjectSection(ProjectDependencies) = postProject
		{47BC54D5-8C73-3EDB-B304-2994419E0652} = {47BC54D5-8C73-3EDB-B304-2994419E0652}
	EndProjectSection
EndProject
Project("{8BC9CEB8-8B4A-11D0-8D11-00A0C91BC942}") = "fltk_images", "fltk_images.vcxproj", "{44B1B074-401E-37DC-AAE2-3E1B863E15DA}"
	ProjectSection(ProjectDependencies) = postProject
		{47BC54D5-8C73-3EDB-B304-2994419E0652} = {47BC54D5-8C73-3EDB-B304-2994419E0652}
		{2D635E0B-8F67-34C2-B413-FF873F7FE8CA} = {2D635E0B-8F67-34C2-B413-FF873F7FE8CA}
		{95669827-2916-3DB2-8E29-199C6157A5F5} = {95669827-2916-3DB2-8E29-199C6157A5F5}
		{87191E42-2BE2-30EA-AF2E-34CAA452DB53} = {87191E42-2BE2-30EA-AF2E-34CAA452DB53}
	EndProjectSection
EndProject
Project("{8BC9CEB8-8B4A-11D0-8D11-00A0C91BC942}") = "fltk_png", "fltk_png.vcxproj", "{95669827-2916-3DB2-8E29-199C6157A5F5}"
	ProjectSection(ProjectDependencies) = postProject
		{47BC54D5-8C73-3EDB-B304-2994419E0652} = {47BC54D5-8C73-3EDB-B304-2994419E0652}
		{87191E42-2BE2-30EA-AF2E-34CAA452DB53} = {87191E42-2BE2-30EA-AF2E-34CAA452DB53}
	EndProjectSection
EndProject
Project("{8BC9CEB8-8B4A-11D0-8D11-00A0C91BC942}") = "fltk_z", "fltk_z.vcxproj", "{87191E42-2BE2-30EA-AF2E-34CAA452DB53}"
	ProjectSection(ProjectDependencies) = postProject
		{47BC54D5-8C73-3EDB-B304-2994419E0652} = {47BC54D5-8C73-3EDB-B304-2994419E0652}
	EndProjectSection
EndProject
Global
	GlobalSection(SolutionConfigurationPlatforms) = preSolution
		Release|Win32 = Release|Win32
	EndGlobalSection
	GlobalSection(ProjectConfigurationPlatforms) = postSolution
		{3BA7971E-5E0A-385F-A2E5-08A89B542282}.Release|Win32.ActiveCfg = Release|Win32
		{3BA7971E-5E0A-385F-A2E5-08A89B542282}.Release|Win32.Build.0 = Release|Win32
		{47BC54D5-8C73-3EDB-B304-2994419E0652}.Release|Win32.ActiveCfg = Release|Win32
		{47BC54D5-8C73-3EDB-B304-2994419E0652}.Release|Win32.Build.0 = Release|Win32
		{2D635E0B-8F67-34C2-B413-FF873F7FE8CA}.Release|Win32.ActiveCfg = Release|Win32
		{2D635E0B-8F67-34C2-B413-FF873F7FE8CA}.Release|Win32.Build.0 = Release|Win32
		{44B1B074-401E-37DC-AAE2-3E1B863E15DA}.Release|Win32.ActiveCfg = Release|Win32
		{44B1B074-401E-37DC-AAE2-3E1B863E15DA}.Release|Win32.Build.0 = Release|Win32
		{95669827-2916-3DB2-8E29-199C6157A5F5}.Release|Win32.ActiveCfg = Release|Win32
		{95669827-2916-3DB2-8E29-199C6157A5F5}.Release|Win32.Build.0 = Release|Win32
		{87191E42-2BE2-30EA-AF2E-34CAA452DB53}.Release|Win32.ActiveCfg = Release|Win32
		{87191E42-2BE2-30EA-AF2E-34CAA452DB53}.Release|Win32.Build.0 = Release|Win32
	EndGlobalSection
	GlobalSection(ExtensibilityGlobals) = postSolution
		SolutionGuid = {14AE03F6-3D3E-379F-9600-6595BCB591D4}
	EndGlobalSection
	GlobalSection(ExtensibilityAddIns) = postSolution
	EndGlobalSection
EndGlobal
